
Microsoft Visual Studio Solution File, Format Version 12.00
# Visual Studio 15
VisualStudioVersion = 15.0.27004.2005
MinimumVisualStudioVersion = 10.0.40219.1
Project("{FAE04EC0-301F-11D3-BF4B-00C04F79EFBC}") = "ConsoleAppInterview", "ConsoleAppInterview\ConsoleAppInterview.csproj", "{C02C6747-F76D-44EA-9550-2D5DC3935C22}"
EndProject
Global
	GlobalSection(SolutionConfigurationPlatforms) = preSolution
		Debug|Any CPU = Debug|Any CPU
		Release|Any CPU = Release|Any CPU
	EndGlobalSection
	GlobalSection(ProjectConfigurationPlatforms) = postSolution
		{C02C6747-F76D-44EA-9550-2D5DC3935C22}.Debug|Any CPU.ActiveCfg = Debug|Any CPU
		{C02C6747-F76D-44EA-9550-2D5DC3935C22}.Debug|Any CPU.Build.0 = Debug|Any CPU
		{C02C6747-F76D-44EA-9550-2D5DC3935C22}.Release|Any CPU.ActiveCfg = Release|Any CPU
		{C02C6747-F76D-44EA-9550-2D5DC3935C22}.Release|Any CPU.Build.0 = Release|Any CPU
	EndGlobalSection
	GlobalSection(SolutionProperties) = preSolution
		HideSolutionNode = FALSE
	EndGlobalSection
	GlobalSection(ExtensibilityGlobals) = postSolution
		SolutionGuid = {22256652-1266-4D40-B4E0-6A85B2E5443C}
	EndGlobalSection
EndGlobal
