
Microsoft Visual Studio Solution File, Format Version 12.00
# Visual Studio 15
VisualStudioVersion = 15.0.27130.2036
MinimumVisualStudioVersion = 10.0.40219.1
Project("{FAE04EC0-301F-11D3-BF4B-00C04F79EFBC}") = "GettingStartedLib", "GettingStartedLib\GettingStartedLib.csproj", "{D58913D2-DAEB-4F62-A228-BF8ECE87D213}"
EndProject
Project("{FAE04EC0-301F-11D3-BF4B-00C04F79EFBC}") = "GettingStartedHost", "GettingStartedHost\GettingStartedHost.csproj", "{A9A2128E-8746-4B4A-95B8-969F600C09D7}"
EndProject
Project("{FAE04EC0-301F-11D3-BF4B-00C04F79EFBC}") = "GettingStartedClient", "GettingStartedClient\GettingStartedClient.csproj", "{19F816B9-8D84-4891-9A06-15ACB7AD9640}"
	ProjectSection(ProjectDependencies) = postProject
		{D58913D2-DAEB-4F62-A228-BF8ECE87D213} = {D58913D2-DAEB-4F62-A228-BF8ECE87D213}
	EndProjectSection
EndProject
Global
	GlobalSection(SolutionConfigurationPlatforms) = preSolution
		Debug|Any CPU = Debug|Any CPU
		Release|Any CPU = Release|Any CPU
	EndGlobalSection
	GlobalSection(ProjectConfigurationPlatforms) = postSolution
		{D58913D2-DAEB-4F62-A228-BF8ECE87D213}.Debug|Any CPU.ActiveCfg = Debug|Any CPU
		{D58913D2-DAEB-4F62-A228-BF8ECE87D213}.Debug|Any CPU.Build.0 = Debug|Any CPU
		{D58913D2-DAEB-4F62-A228-BF8ECE87D213}.Release|Any CPU.ActiveCfg = Release|Any CPU
		{D58913D2-DAEB-4F62-A228-BF8ECE87D213}.Release|Any CPU.Build.0 = Release|Any CPU
		{A9A2128E-8746-4B4A-95B8-969F600C09D7}.Debug|Any CPU.ActiveCfg = Debug|Any CPU
		{A9A2128E-8746-4B4A-95B8-969F600C09D7}.Debug|Any CPU.Build.0 = Debug|Any CPU
		{A9A2128E-8746-4B4A-95B8-969F600C09D7}.Release|Any CPU.ActiveCfg = Release|Any CPU
		{A9A2128E-8746-4B4A-95B8-969F600C09D7}.Release|Any CPU.Build.0 = Release|Any CPU
		{19F816B9-8D84-4891-9A06-15ACB7AD9640}.Debug|Any CPU.ActiveCfg = Debug|Any CPU
		{19F816B9-8D84-4891-9A06-15ACB7AD9640}.Debug|Any CPU.Build.0 = Debug|Any CPU
		{19F816B9-8D84-4891-9A06-15ACB7AD9640}.Release|Any CPU.ActiveCfg = Release|Any CPU
		{19F816B9-8D84-4891-9A06-15ACB7AD9640}.Release|Any CPU.Build.0 = Release|Any CPU
	EndGlobalSection
	GlobalSection(SolutionProperties) = preSolution
		HideSolutionNode = FALSE
	EndGlobalSection
	GlobalSection(ExtensibilityGlobals) = postSolution
		SolutionGuid = {765EC7D1-DAF0-4F4D-831F-1455816408E7}
	EndGlobalSection
EndGlobal
